
Microsoft Visual Studio Solution File, Format Version 12.00
# Visual Studio Version 17
VisualStudioVersion = 17.5.33502.453
MinimumVisualStudioVersion = 10.0.40219.1
Project("{9A19103F-16F7-4668-BE54-9A1E7A4F7556}") = "AlfaeCareAIChat", "AlfaeCareAIChat\AlfaeCareAIChat.csproj", "{B9ABC4DC-6F9A-4724-8BF0-9CE7E33FB591}"
EndProject
Global
	GlobalSection(SolutionConfigurationPlatforms) = preSolution
		Debug|Any CPU = Debug|Any CPU
		Release|Any CPU = Release|Any CPU
	EndGlobalSection
	GlobalSection(ProjectConfigurationPlatforms) = postSolution
		{B9ABC4DC-6F9A-4724-8BF0-9CE7E33FB591}.Debug|Any CPU.ActiveCfg = Debug|Any CPU
		{B9ABC4DC-6F9A-4724-8BF0-9CE7E33FB591}.Debug|Any CPU.Build.0 = Debug|Any CPU
		{B9ABC4DC-6F9A-4724-8BF0-9CE7E33FB591}.Release|Any CPU.ActiveCfg = Release|Any CPU
		{B9ABC4DC-6F9A-4724-8BF0-9CE7E33FB591}.Release|Any CPU.Build.0 = Release|Any CPU
	EndGlobalSection
	GlobalSection(SolutionProperties) = preSolution
		HideSolutionNode = FALSE
	EndGlobalSection
	GlobalSection(ExtensibilityGlobals) = postSolution
		SolutionGuid = {00C04AA7-353B-45F1-92C4-A219A336457B}
	EndGlobalSection
EndGlobal
